<Solution>
  <Folder Name="/src/">
    <Project Path="src/Notes.Api/Notes.Api.csproj" />
    <Project Path="src/Notes.Application/Notes.Application.csproj" />
    <Project Path="src/Notes.Domain/Notes.Domain.csproj" />
    <Project Path="src/Notes.Infrastructure/Notes.Infrastructure.csproj" />
  </Folder>
  <Folder Name="/tests/">
    <Project Path="tests/Notes.Application.Tests/Notes.Application.Tests.csproj" />
  </Folder>
</Solution>
